
Microsoft Visual Studio Solution File, Format Version 12.00
# Visual Studio 15
VisualStudioVersion = 15.0.28307.106
MinimumVisualStudioVersion = 10.0.40219.1
Project("{FAE04EC0-301F-11D3-BF4B-00C04F79EFBC}") = "1660325_PhamBaLong", "1660325_PhamBaLong\1660325_PhamBaLong.csproj", "{DE518BBE-EBAB-44FE-8827-48098A89C3D0}"
EndProject
Global
	GlobalSection(SolutionConfigurationPlatforms) = preSolution
		Debug|Any CPU = Debug|Any CPU
		Release|Any CPU = Release|Any CPU
	EndGlobalSection
	GlobalSection(ProjectConfigurationPlatforms) = postSolution
		{DE518BBE-EBAB-44FE-8827-48098A89C3D0}.Debug|Any CPU.ActiveCfg = Debug|Any CPU
		{DE518BBE-EBAB-44FE-8827-48098A89C3D0}.Debug|Any CPU.Build.0 = Debug|Any CPU
		{DE518BBE-EBAB-44FE-8827-48098A89C3D0}.Release|Any CPU.ActiveCfg = Release|Any CPU
		{DE518BBE-EBAB-44FE-8827-48098A89C3D0}.Release|Any CPU.Build.0 = Release|Any CPU
	EndGlobalSection
	GlobalSection(SolutionProperties) = preSolution
		HideSolutionNode = FALSE
	EndGlobalSection
	GlobalSection(ExtensibilityGlobals) = postSolution
		SolutionGuid = {A4EFC396-A0DC-47C2-8804-03DD49B441A0}
	EndGlobalSection
EndGlobal
